dependencies:
- name: postgresql
  repository: https://kubernetes-charts.storage.googleapis.com/
  version: 0.8.12
- name: kafka
  repository: https://kubernetes-charts-incubator.storage.googleapis.com/
  version: 0.2.13
digest: sha256:a78d4b4ac0c87ef09a7f1f8800339f5f9d6c5d63957d96c91d332cb83d019bf7
generated: 2018-02-14T15:15:16.72211402+03:00
