dependencies:
- name: postgresql
  repository: https://kubernetes-charts.storage.googleapis.com/
  version: 0.11.2
- name: kafka
  repository: https://kubernetes-charts-incubator.storage.googleapis.com/
  version: 0.7.2
- name: redis
  repository: https://kubernetes-charts.storage.googleapis.com/
  version: 3.2.5
digest: sha256:147878fbd485c243b25c3962e35a8aff9c96094e5a2eefae71ba9e15c732beaf
generated: 2018-05-23T12:20:39.782071549+03:00
